{
  "name": "pjj-cli",
  "version": "1.0.0",
  "lockfileVersion": 1,
  "requires": true,
  "dependencies": {
    "webpack": {
      "version": "5.15.0",
      "resolved": "https://registry.npm.taobao.org/webpack/download/webpack-5.15.0.tgz?cache=0&sync_timestamp=1610727475642&other_urls=https%3A%2F%2Fregistry.npm.taobao.org%2Fwebpack%2Fdownload%2Fwebpack-5.15.0.tgz",
      "dev": true,
      "dependencies": {
        "@types/eslint-scope": {
          "version": "https://registry.npm.taobao.org/@types/eslint-scope/download/@types/eslint-scope-3.7.0.tgz",
          "bundled": true,
          "dependencies": {
            "@types/eslint": {
              "version": "https://registry.npm.taobao.org/@types/eslint/download/@types/eslint-7.2.6.tgz?cache=0&sync_timestamp=1606904641574&other_urls=https%3A%2F%2Fregistry.npm.taobao.org%2F%40types%2Feslint%2Fdownload%2F%40types%2Feslint-7.2.6.tgz",
              "bundled": true,
              "dependencies": {
                "@types/estree": {
                  "version": "https://registry.npm.taobao.org/@types/estree/download/@types/estree-0.0.45.tgz",
                  "bundled": true
                },
                "@types/json-schema": {
                  "version": "https://registry.npm.taobao.org/@types/json-schema/download/@types/json-schema-7.0.6.tgz",
                  "bundled": true
                }
              }
            },
            "@types/estree": {
              "version": "https://registry.npm.taobao.org/@types/estree/download/@types/estree-0.0.45.tgz",
              "bundled": true
            }
          }
        },
        "@types/estree": {
          "version": "https://registry.npm.taobao.org/@types/estree/download/@types/estree-0.0.45.tgz",
          "bundled": true
        },
        "@webassemblyjs/ast": {
          "version": "https://registry.npm.taobao.org/@webassemblyjs/ast/download/@webassemblyjs/ast-1.11.0.tgz?cache=0&sync_timestamp=1610041473549&other_urls=https%3A%2F%2Fregistry.npm.taobao.org%2F%40webassemblyjs%2Fast%2Fdownload%2F%40webassemblyjs%2Fast-1.11.0.tgz",
          "bundled": true
        },
        "@webassemblyjs/wasm-edit": {
          "version": "https://registry.npm.taobao.org/@webassemblyjs/wasm-edit/download/@webassemblyjs/wasm-edit-1.11.0.tgz?cache=0&sync_timestamp=1610041471581&other_urls=https%3A%2F%2Fregistry.npm.taobao.org%2F%40webassemblyjs%2Fwasm-edit%2Fdownload%2F%40webassemblyjs%2Fwasm-edit-1.11.0.tgz",
          "bundled": true,
          "dependencies": {
            "@webassemblyjs/ast": {
              "version": "https://registry.npm.taobao.org/@webassemblyjs/ast/download/@webassemblyjs/ast-1.11.0.tgz?cache=0&sync_timestamp=1610041473549&other_urls=https%3A%2F%2Fregistry.npm.taobao.org%2F%40webassemblyjs%2Fast%2Fdownload%2F%40webassemblyjs%2Fast-1.11.0.tgz",
              "bundled": true,
              "dependencies": {
                "@webassemblyjs/helper-numbers": {
                  "version": "https://registry.npm.taobao.org/@webassemblyjs/helper-numbers/download/@webassemblyjs/helper-numbers-1.11.0.tgz",
                  "bundled": true
                },
                "@webassemblyjs/helper-wasm-bytecode": {
                  "version": "https://registry.npm.taobao.org/@webassemblyjs/helper-wasm-bytecode/download/@webassemblyjs/helper-wasm-bytecode-1.11.0.tgz",
                  "bundled": true
                }
              }
            },
            "@webassemblyjs/helper-buffer": {
              "version": "https://registry.npm.taobao.org/@webassemblyjs/helper-buffer/download/@webassemblyjs/helper-buffer-1.11.0.tgz?cache=0&sync_timestamp=1610041476193&other_urls=https%3A%2F%2Fregistry.npm.taobao.org%2F%40webassemblyjs%2Fhelper-buffer%2Fdownload%2F%40webassemblyjs%2Fhelper-buffer-1.11.0.tgz",
              "bundled": true
            },
            "@webassemblyjs/helper-wasm-bytecode": {
              "version": "https://registry.npm.taobao.org/@webassemblyjs/helper-wasm-bytecode/download/@webassemblyjs/helper-wasm-bytecode-1.11.0.tgz",
              "bundled": true
            },
            "@webassemblyjs/helper-wasm-section": {
              "version": "https://registry.npm.taobao.org/@webassemblyjs/helper-wasm-section/download/@webassemblyjs/helper-wasm-section-1.11.0.tgz?cache=0&sync_timestamp=1610041209928&other_urls=https%3A%2F%2Fregistry.npm.taobao.org%2F%40webassemblyjs%2Fhelper-wasm-section%2Fdownload%2F%40webassemblyjs%2Fhelper-wasm-section-1.11.0.tgz",
              "bundled": true,
              "dependencies": {
                "@webassemblyjs/ast": {
                  "version": "https://registry.npm.taobao.org/@webassemblyjs/ast/download/@webassemblyjs/ast-1.11.0.tgz?cache=0&sync_timestamp=1610041473549&other_urls=https%3A%2F%2Fregistry.npm.taobao.org%2F%40webassemblyjs%2Fast%2Fdownload%2F%40webassemblyjs%2Fast-1.11.0.tgz",
                  "bundled": true,
                  "dependencies": {
                    "@webassemblyjs/helper-numbers": {
                      "version": "https://registry.npm.taobao.org/@webassemblyjs/helper-numbers/download/@webassemblyjs/helper-numbers-1.11.0.tgz",
                      "bundled": true
                    },
                    "@webassemblyjs/helper-wasm-bytecode": {
                      "version": "https://registry.npm.taobao.org/@webassemblyjs/helper-wasm-bytecode/download/@webassemblyjs/helper-wasm-bytecode-1.11.0.tgz",
                      "bundled": true
                    }
                  }
                },
                "@webassemblyjs/helper-buffer": {
                  "version": "https://registry.npm.taobao.org/@webassemblyjs/helper-buffer/download/@webassemblyjs/helper-buffer-1.11.0.tgz?cache=0&sync_timestamp=1610041476193&other_urls=https%3A%2F%2Fregistry.npm.taobao.org%2F%40webassemblyjs%2Fhelper-buffer%2Fdownload%2F%40webassemblyjs%2Fhelper-buffer-1.11.0.tgz",
                  "bundled": true
                },
                "@webassemblyjs/helper-wasm-bytecode": {
                  "version": "https://registry.npm.taobao.org/@webassemblyjs/helper-wasm-bytecode/download/@webassemblyjs/helper-wasm-bytecode-1.11.0.tgz",
                  "bundled": true
                },
                "@webassemblyjs/wasm-gen": {
                  "version": "https://registry.npm.taobao.org/@webassemblyjs/wasm-gen/download/@webassemblyjs/wasm-gen-1.11.0.tgz?cache=0&sync_timestamp=1610041474403&other_urls=https%3A%2F%2Fregistry.npm.taobao.org%2F%40webassemblyjs%2Fwasm-gen%2Fdownload%2F%40webassemblyjs%2Fwasm-gen-1.11.0.tgz",
                  "bundled": true
                }
              }
            },
            "@webassemblyjs/wasm-gen": {
              "version": "https://registry.npm.taobao.org/@webassemblyjs/wasm-gen/download/@webassemblyjs/wasm-gen-1.11.0.tgz?cache=0&sync_timestamp=1610041474403&other_urls=https%3A%2F%2Fregistry.npm.taobao.org%2F%40webassemblyjs%2Fwasm-gen%2Fdownload%2F%40webassemblyjs%2Fwasm-gen-1.11.0.tgz",
              "bundled": true,
              "dependencies": {
                "@webassemblyjs/ast": {
                  "version": "https://registry.npm.taobao.org/@webassemblyjs/ast/download/@webassemblyjs/ast-1.11.0.tgz?cache=0&sync_timestamp=1610041473549&other_urls=https%3A%2F%2Fregistry.npm.taobao.org%2F%40webassemblyjs%2Fast%2Fdownload%2F%40webassemblyjs%2Fast-1.11.0.tgz",
                  "bundled": true,
                  "dependencies": {
                    "@webassemblyjs/helper-numbers": {
                      "version": "https://registry.npm.taobao.org/@webassemblyjs/helper-numbers/download/@webassemblyjs/helper-numbers-1.11.0.tgz",
                      "bundled": true
                    },
                    "@webassemblyjs/helper-wasm-bytecode": {
                      "version": "https://registry.npm.taobao.org/@webassemblyjs/helper-wasm-bytecode/download/@webassemblyjs/helper-wasm-bytecode-1.11.0.tgz",
                      "bundled": true
                    }
                  }
                },
                "@webassemblyjs/helper-wasm-bytecode": {
                  "version": "https://registry.npm.taobao.org/@webassemblyjs/helper-wasm-bytecode/download/@webassemblyjs/helper-wasm-bytecode-1.11.0.tgz",
                  "bundled": true
                },
                "@webassemblyjs/ieee754": {
                  "version": "https://registry.npm.taobao.org/@webassemblyjs/ieee754/download/@webassemblyjs/ieee754-1.11.0.tgz?cache=0&sync_timestamp=1610041208411&other_urls=https%3A%2F%2Fregistry.npm.taobao.org%2F%40webassemblyjs%2Fieee754%2Fdownload%2F%40webassemblyjs%2Fieee754-1.11.0.tgz",
                  "bundled": true
                },
                "@webassemblyjs/leb128": {
                  "version": "https://registry.npm.taobao.org/@webassemblyjs/leb128/download/@webassemblyjs/leb128-1.11.0.tgz?cache=0&sync_timestamp=1610041476626&other_urls=https%3A%2F%2Fregistry.npm.taobao.org%2F%40webassemblyjs%2Fleb128%2Fdownload%2F%40webassemblyjs%2Fleb128-1.11.0.tgz",
                  "bundled": true,
                  "dependencies": {
                    "@xtuc/long": {
                      "version": "https://registry.npm.taobao.org/@xtuc/long/download/@xtuc/long-4.2.2.tgz",
                      "bundled": true
                    }
                  }
                },
                "@webassemblyjs/utf8": {
                  "version": "https://registry.npm.taobao.org/@webassemblyjs/utf8/download/@webassemblyjs/utf8-1.11.0.tgz?cache=0&sync_timestamp=1610041473317&other_urls=https%3A%2F%2Fregistry.npm.taobao.org%2F%40webassemblyjs%2Futf8%2Fdownload%2F%40webassemblyjs%2Futf8-1.11.0.tgz",
                  "bundled": true
                }
              }
            },
            "@webassemblyjs/wasm-opt": {
              "version": "https://registry.npm.taobao.org/@webassemblyjs/wasm-opt/download/@webassemblyjs/wasm-opt-1.11.0.tgz?cache=0&sync_timestamp=1610041474675&other_urls=https%3A%2F%2Fregistry.npm.taobao.org%2F%40webassemblyjs%2Fwasm-opt%2Fdownload%2F%40webassemblyjs%2Fwasm-opt-1.11.0.tgz",
              "bundled": true
            },
            "@webassemblyjs/wasm-parser": {
              "version": "https://registry.npm.taobao.org/@webassemblyjs/wasm-parser/download/@webassemblyjs/wasm-parser-1.11.0.tgz?cache=0&sync_timestamp=1610041473967&other_urls=https%3A%2F%2Fregistry.npm.taobao.org%2F%40webassemblyjs%2Fwasm-parser%2Fdownload%2F%40webassemblyjs%2Fwasm-parser-1.11.0.tgz",
              "bundled": true,
              "dependencies": {
                "@webassemblyjs/ast": {
                  "version": "https://registry.npm.taobao.org/@webassemblyjs/ast/download/@webassemblyjs/ast-1.11.0.tgz?cache=0&sync_timestamp=1610041473549&other_urls=https%3A%2F%2Fregistry.npm.taobao.org%2F%40webassemblyjs%2Fast%2Fdownload%2F%40webassemblyjs%2Fast-1.11.0.tgz",
                  "bundled": true,
                  "dependencies": {
                    "@webassemblyjs/helper-numbers": {
                      "version": "https://registry.npm.taobao.org/@webassemblyjs/helper-numbers/download/@webassemblyjs/helper-numbers-1.11.0.tgz",
                      "bundled": true
                    },
                    "@webassemblyjs/helper-wasm-bytecode": {
                      "version": "https://registry.npm.taobao.org/@webassemblyjs/helper-wasm-bytecode/download/@webassemblyjs/helper-wasm-bytecode-1.11.0.tgz",
                      "bundled": true
                    }
                  }
                },
                "@webassemblyjs/helper-api-error": {
                  "version": "https://registry.npm.taobao.org/@webassemblyjs/helper-api-error/download/@webassemblyjs/helper-api-error-1.11.0.tgz",
                  "bundled": true
                },
                "@webassemblyjs/helper-wasm-bytecode": {
                  "version": "https://registry.npm.taobao.org/@webassemblyjs/helper-wasm-bytecode/download/@webassemblyjs/helper-wasm-bytecode-1.11.0.tgz",
                  "bundled": true
                },
                "@webassemblyjs/ieee754": {
                  "version": "https://registry.npm.taobao.org/@webassemblyjs/ieee754/download/@webassemblyjs/ieee754-1.11.0.tgz?cache=0&sync_timestamp=1610041208411&other_urls=https%3A%2F%2Fregistry.npm.taobao.org%2F%40webassemblyjs%2Fieee754%2Fdownload%2F%40webassemblyjs%2Fieee754-1.11.0.tgz",
                  "bundled": true,
                  "dependencies": {
                    "@xtuc/ieee754": {
                      "version": "https://registry.npm.taobao.org/@xtuc/ieee754/download/@xtuc/ieee754-1.2.0.tgz",
                      "bundled": true
                    }
                  }
                },
                "@webassemblyjs/leb128": {
                  "version": "https://registry.npm.taobao.org/@webassemblyjs/leb128/download/@webassemblyjs/leb128-1.11.0.tgz?cache=0&sync_timestamp=1610041476626&other_urls=https%3A%2F%2Fregistry.npm.taobao.org%2F%40webassemblyjs%2Fleb128%2Fdownload%2F%40webassemblyjs%2Fleb128-1.11.0.tgz",
                  "bundled": true
                },
                "@webassemblyjs/utf8": {
                  "version": "https://registry.npm.taobao.org/@webassemblyjs/utf8/download/@webassemblyjs/utf8-1.11.0.tgz?cache=0&sync_timestamp=1610041473317&other_urls=https%3A%2F%2Fregistry.npm.taobao.org%2F%40webassemblyjs%2Futf8%2Fdownload%2F%40webassemblyjs%2Futf8-1.11.0.tgz",
                  "bundled": true
                }
              }
            },
            "@webassemblyjs/wast-printer": {
              "version": "https://registry.npm.taobao.org/@webassemblyjs/wast-printer/download/@webassemblyjs/wast-printer-1.11.0.tgz?cache=0&sync_timestamp=1610041473805&other_urls=https%3A%2F%2Fregistry.npm.taobao.org%2F%40webassemblyjs%2Fwast-printer%2Fdownload%2F%40webassemblyjs%2Fwast-printer-1.11.0.tgz",
              "bundled": true
            }
          }
        },
        "@webassemblyjs/wasm-parser": {
          "version": "https://registry.npm.taobao.org/@webassemblyjs/wasm-parser/download/@webassemblyjs/wasm-parser-1.11.0.tgz?cache=0&sync_timestamp=1610041473967&other_urls=https%3A%2F%2Fregistry.npm.taobao.org%2F%40webassemblyjs%2Fwasm-parser%2Fdownload%2F%40webassemblyjs%2Fwasm-parser-1.11.0.tgz",
          "bundled": true,
          "dependencies": {
            "@webassemblyjs/ast": {
              "version": "https://registry.npm.taobao.org/@webassemblyjs/ast/download/@webassemblyjs/ast-1.11.0.tgz?cache=0&sync_timestamp=1610041473549&other_urls=https%3A%2F%2Fregistry.npm.taobao.org%2F%40webassemblyjs%2Fast%2Fdownload%2F%40webassemblyjs%2Fast-1.11.0.tgz",
              "bundled": true,
              "dependencies": {}
            },
            "@webassemblyjs/helper-api-error": {
              "version": "https://registry.npm.taobao.org/@webassemblyjs/helper-api-error/download/@webassemblyjs/helper-api-error-1.11.0.tgz",
              "bundled": true
            },
            "@webassemblyjs/helper-wasm-bytecode": {
              "version": "https://registry.npm.taobao.org/@webassemblyjs/helper-wasm-bytecode/download/@webassemblyjs/helper-wasm-bytecode-1.11.0.tgz",
              "bundled": true
            },
            "@webassemblyjs/ieee754": {
              "version": "https://registry.npm.taobao.org/@webassemblyjs/ieee754/download/@webassemblyjs/ieee754-1.11.0.tgz?cache=0&sync_timestamp=1610041208411&other_urls=https%3A%2F%2Fregistry.npm.taobao.org%2F%40webassemblyjs%2Fieee754%2Fdownload%2F%40webassemblyjs%2Fieee754-1.11.0.tgz",
              "bundled": true,
              "dependencies": {}
            },
            "@webassemblyjs/leb128": {
              "version": "https://registry.npm.taobao.org/@webassemblyjs/leb128/download/@webassemblyjs/leb128-1.11.0.tgz?cache=0&sync_timestamp=1610041476626&other_urls=https%3A%2F%2Fregistry.npm.taobao.org%2F%40webassemblyjs%2Fleb128%2Fdownload%2F%40webassemblyjs%2Fleb128-1.11.0.tgz",
              "bundled": true
            },
            "@webassemblyjs/utf8": {
              "version": "https://registry.npm.taobao.org/@webassemblyjs/utf8/download/@webassemblyjs/utf8-1.11.0.tgz?cache=0&sync_timestamp=1610041473317&other_urls=https%3A%2F%2Fregistry.npm.taobao.org%2F%40webassemblyjs%2Futf8%2Fdownload%2F%40webassemblyjs%2Futf8-1.11.0.tgz",
              "bundled": true
            }
          }
        },
        "acorn": {
          "version": "https://registry.npm.taobao.org/acorn/download/acorn-8.0.4.tgz?cache=0&sync_timestamp=1602534577677&other_urls=https%3A%2F%2Fregistry.npm.taobao.org%2Facorn%2Fdownload%2Facorn-8.0.4.tgz",
          "bundled": true
        },
        "browserslist": {
          "version": "https://registry.npm.taobao.org/browserslist/download/browserslist-4.16.1.tgz?cache=0&sync_timestamp=1609895712895&other_urls=https%3A%2F%2Fregistry.npm.taobao.org%2Fbrowserslist%2Fdownload%2Fbrowserslist-4.16.1.tgz",
          "bundled": true
        },
        "chrome-trace-event": {
          "version": "https://registry.npm.taobao.org/chrome-trace-event/download/chrome-trace-event-1.0.2.tgz",
          "bundled": true
        },
        "enhanced-resolve": {
          "version": "https://registry.npm.taobao.org/enhanced-resolve/download/enhanced-resolve-5.7.0.tgz",
          "bundled": true
        },
        "es-module-lexer": {
          "version": "https://registry.npm.taobao.org/es-module-lexer/download/es-module-lexer-0.3.26.tgz",
          "bundled": true
        },
        "eslint-scope": {
          "version": "https://registry.npm.taobao.org/eslint-scope/download/eslint-scope-5.1.1.tgz",
          "bundled": true
        },
        "events": {
          "version": "https://registry.npm.taobao.org/events/download/events-3.2.0.tgz",
          "bundled": true
        },
        "glob-to-regexp": {
          "version": "https://registry.npm.taobao.org/glob-to-regexp/download/glob-to-regexp-0.4.1.tgz",
          "bundled": true
        },
        "graceful-fs": {
          "version": "https://registry.npm.taobao.org/graceful-fs/download/graceful-fs-4.2.4.tgz?cache=0&other_urls=https%3A%2F%2Fregistry.npm.taobao.org%2Fgraceful-fs%2Fdownload%2Fgraceful-fs-4.2.4.tgz",
          "bundled": true
        },
        "json-parse-better-errors": {
          "version": "https://registry.npm.taobao.org/json-parse-better-errors/download/json-parse-better-errors-1.0.2.tgz",
          "bundled": true
        },
        "loader-runner": {
          "version": "https://registry.npm.taobao.org/loader-runner/download/loader-runner-4.2.0.tgz?cache=0&sync_timestamp=1610027863227&other_urls=https%3A%2F%2Fregistry.npm.taobao.org%2Floader-runner%2Fdownload%2Floader-runner-4.2.0.tgz",
          "bundled": true
        },
        "mime-types": {
          "version": "https://registry.npm.taobao.org/mime-types/download/mime-types-2.1.28.tgz?cache=0&sync_timestamp=1609559854309&other_urls=https%3A%2F%2Fregistry.npm.taobao.org%2Fmime-types%2Fdownload%2Fmime-types-2.1.28.tgz",
          "bundled": true
        },
        "neo-async": {
          "version": "https://registry.npm.taobao.org/neo-async/download/neo-async-2.6.2.tgz?cache=0&sync_timestamp=1594317497578&other_urls=https%3A%2F%2Fregistry.npm.taobao.org%2Fneo-async%2Fdownload%2Fneo-async-2.6.2.tgz",
          "bundled": true
        },
        "pkg-dir": {
          "version": "https://registry.npm.taobao.org/pkg-dir/download/pkg-dir-5.0.0.tgz?cache=0&sync_timestamp=1602858955036&other_urls=https%3A%2F%2Fregistry.npm.taobao.org%2Fpkg-dir%2Fdownload%2Fpkg-dir-5.0.0.tgz",
          "bundled": true
        },
        "schema-utils": {
          "version": "https://registry.npm.taobao.org/schema-utils/download/schema-utils-3.0.0.tgz",
          "bundled": true,
          "dependencies": {
            "@types/json-schema": {
              "version": "https://registry.npm.taobao.org/@types/json-schema/download/@types/json-schema-7.0.6.tgz",
              "bundled": true
            },
            "ajv": {
              "version": "https://registry.npm.taobao.org/ajv/download/ajv-6.12.6.tgz?cache=0&sync_timestamp=1609583933410&other_urls=https%3A%2F%2Fregistry.npm.taobao.org%2Fajv%2Fdownload%2Fajv-6.12.6.tgz",
              "bundled": true
            },
            "ajv-keywords": {
              "version": "https://registry.npm.taobao.org/ajv-keywords/download/ajv-keywords-3.5.2.tgz",
              "bundled": true
            }
          }
        },
        "tapable": {
          "version": "https://registry.npm.taobao.org/tapable/download/tapable-2.2.0.tgz?cache=0&sync_timestamp=1607088907615&other_urls=https%3A%2F%2Fregistry.npm.taobao.org%2Ftapable%2Fdownload%2Ftapable-2.2.0.tgz",
          "bundled": true
        },
        "terser-webpack-plugin": {
          "version": "https://registry.npm.taobao.org/terser-webpack-plugin/download/terser-webpack-plugin-5.1.1.tgz?cache=0&sync_timestamp=1610194437332&other_urls=https%3A%2F%2Fregistry.npm.taobao.org%2Fterser-webpack-plugin%2Fdownload%2Fterser-webpack-plugin-5.1.1.tgz",
          "bundled": true,
          "dependencies": {
            "jest-worker": {
              "version": "https://registry.npm.taobao.org/jest-worker/download/jest-worker-26.6.2.tgz",
              "bundled": true
            },
            "p-limit": {
              "version": "https://registry.npm.taobao.org/p-limit/download/p-limit-3.1.0.tgz?cache=0&sync_timestamp=1606290242844&other_urls=https%3A%2F%2Fregistry.npm.taobao.org%2Fp-limit%2Fdownload%2Fp-limit-3.1.0.tgz",
              "bundled": true,
              "dependencies": {
                "yocto-queue": {
                  "version": "https://registry.npm.taobao.org/yocto-queue/download/yocto-queue-0.1.0.tgz",
                  "bundled": true
                }
              }
            },
            "schema-utils": {
              "version": "https://registry.npm.taobao.org/schema-utils/download/schema-utils-3.0.0.tgz",
              "bundled": true
            },
            "serialize-javascript": {
              "version": "https://registry.npm.taobao.org/serialize-javascript/download/serialize-javascript-5.0.1.tgz?cache=0&sync_timestamp=1599740791274&other_urls=https%3A%2F%2Fregistry.npm.taobao.org%2Fserialize-javascript%2Fdownload%2Fserialize-javascript-5.0.1.tgz",
              "bundled": true
            },
            "source-map": {
              "version": "https://registry.npm.taobao.org/source-map/download/source-map-0.6.1.tgz",
              "bundled": true
            },
            "terser": {
              "version": "https://registry.npm.taobao.org/terser/download/terser-5.5.1.tgz?cache=0&sync_timestamp=1606492581535&other_urls=https%3A%2F%2Fregistry.npm.taobao.org%2Fterser%2Fdownload%2Fterser-5.5.1.tgz",
              "bundled": true
            }
          }
        },
        "watchpack": {
          "version": "https://registry.npm.taobao.org/watchpack/download/watchpack-2.1.0.tgz?cache=0&sync_timestamp=1607687426983&other_urls=https%3A%2F%2Fregistry.npm.taobao.org%2Fwatchpack%2Fdownload%2Fwatchpack-2.1.0.tgz",
          "bundled": true
        },
        "webpack-sources": {
          "version": "https://registry.npm.taobao.org/webpack-sources/download/webpack-sources-2.2.0.tgz?cache=0&sync_timestamp=1603965335494&other_urls=https%3A%2F%2Fregistry.npm.taobao.org%2Fwebpack-sources%2Fdownload%2Fwebpack-sources-2.2.0.tgz",
          "bundled": true
        }
      }
    },
    "webpack-cli": {
      "version": "4.3.1",
      "resolved": "https://registry.npm.taobao.org/webpack-cli/download/webpack-cli-4.3.1.tgz",
      "dev": true,
      "dependencies": {
        "@discoveryjs/json-ext": {
          "version": "https://registry.npm.taobao.org/@discoveryjs/json-ext/download/@discoveryjs/json-ext-0.5.2.tgz?cache=0&sync_timestamp=1608994833493&other_urls=https%3A%2F%2Fregistry.npm.taobao.org%2F%40discoveryjs%2Fjson-ext%2Fdownload%2F%40discoveryjs%2Fjson-ext-0.5.2.tgz",
          "bundled": true
        },
        "@webpack-cli/info": {
          "version": "https://registry.npm.taobao.org/@webpack-cli/info/download/@webpack-cli/info-1.2.1.tgz",
          "bundled": true,
          "dependencies": {
            "envinfo": {
              "version": "https://registry.npm.taobao.org/envinfo/download/envinfo-7.7.3.tgz",
              "bundled": true
            }
          }
        },
        "@webpack-cli/serve": {
          "version": "https://registry.npm.taobao.org/@webpack-cli/serve/download/@webpack-cli/serve-1.2.1.tgz",
          "bundled": true
        },
        "colorette": {
          "version": "https://registry.npm.taobao.org/colorette/download/colorette-1.2.1.tgz",
          "bundled": true
        },
        "commander": {
          "version": "https://registry.npm.taobao.org/commander/download/commander-6.2.1.tgz?cache=0&sync_timestamp=1610702143214&other_urls=https%3A%2F%2Fregistry.npm.taobao.org%2Fcommander%2Fdownload%2Fcommander-6.2.1.tgz",
          "bundled": true
        },
        "enquirer": {
          "version": "https://registry.npm.taobao.org/enquirer/download/enquirer-2.3.6.tgz?cache=0&sync_timestamp=1593693592749&other_urls=https%3A%2F%2Fregistry.npm.taobao.org%2Fenquirer%2Fdownload%2Fenquirer-2.3.6.tgz",
          "bundled": true
        },
        "execa": {
          "version": "https://registry.npm.taobao.org/execa/download/execa-5.0.0.tgz?cache=0&sync_timestamp=1606971034277&other_urls=https%3A%2F%2Fregistry.npm.taobao.org%2Fexeca%2Fdownload%2Fexeca-5.0.0.tgz",
          "bundled": true
        },
        "fastest-levenshtein": {
          "version": "https://registry.npm.taobao.org/fastest-levenshtein/download/fastest-levenshtein-1.0.12.tgz",
          "bundled": true
        },
        "import-local": {
          "version": "https://registry.npm.taobao.org/import-local/download/import-local-3.0.2.tgz",
          "bundled": true
        },
        "interpret": {
          "version": "https://registry.npm.taobao.org/interpret/download/interpret-2.2.0.tgz",
          "bundled": true
        },
        "rechoir": {
          "version": "https://registry.npm.taobao.org/rechoir/download/rechoir-0.7.0.tgz",
          "bundled": true
        },
        "v8-compile-cache": {
          "version": "https://registry.npm.taobao.org/v8-compile-cache/download/v8-compile-cache-2.2.0.tgz?cache=0&sync_timestamp=1603915432573&other_urls=https%3A%2F%2Fregistry.npm.taobao.org%2Fv8-compile-cache%2Fdownload%2Fv8-compile-cache-2.2.0.tgz",
          "bundled": true
        },
        "webpack-merge": {
          "version": "https://registry.npm.taobao.org/webpack-merge/download/webpack-merge-4.2.2.tgz",
          "bundled": true
        }
      }
    }
  }
}
